
Microsoft Visual Studio Solution File, Format Version 12.00
# Visual Studio Version 16
VisualStudioVersion = 16.0.29806.167
MinimumVisualStudioVersion = 10.0.40219.1
Project("{888888A0-9F3D-457C-B088-3A5042F75D52}") = "TaskTimer", "TaskTimer.pyproj", "{EB3F8662-2757-474F-B0AA-9C8BA90EF9F8}"
EndProject
Global
	GlobalSection(SolutionConfigurationPlatforms) = preSolution
		Debug|Any CPU = Debug|Any CPU
		Release|Any CPU = Release|Any CPU
	EndGlobalSection
	GlobalSection(ProjectConfigurationPlatforms) = postSolution
		{EB3F8662-2757-474F-B0AA-9C8BA90EF9F8}.Debug|Any CPU.ActiveCfg = Debug|Any CPU
		{EB3F8662-2757-474F-B0AA-9C8BA90EF9F8}.Release|Any CPU.ActiveCfg = Release|Any CPU
	EndGlobalSection
	GlobalSection(SolutionProperties) = preSolution
		HideSolutionNode = FALSE
	EndGlobalSection
	GlobalSection(ExtensibilityGlobals) = postSolution
		SolutionGuid = {9EC579FC-7874-41F4-860E-43AF0CF17E2B}
	EndGlobalSection
EndGlobal
